
Microsoft Visual Studio Solution File, Format Version 12.00
# Visual Studio Version 16
VisualStudioVersion = 16.0.30320.27
MinimumVisualStudioVersion = 10.0.40219.1
Project("{9A19103F-16F7-4668-BE54-9A1E7A4F7556}") = "SOHU.Data", "SOHU.Data\SOHU.Data.csproj", "{45AFC0E2-EFEA-450C-9468-B0D7A4EC674B}"
EndProject
Project("{9A19103F-16F7-4668-BE54-9A1E7A4F7556}") = "SOHU.MVC", "SOHU.MVC\SOHU.MVC.csproj", "{99D48E92-E25A-40C0-9207-DFF79A806770}"
EndProject
Project("{9A19103F-16F7-4668-BE54-9A1E7A4F7556}") = "SOHU.Service", "SOHU.Service\SOHU.Service.csproj", "{06FEEE96-D08A-44B2-AAAF-B39D7D25482C}"
EndProject
Project("{9A19103F-16F7-4668-BE54-9A1E7A4F7556}") = "SOHU.Mobile", "SOHU.Mobile\SOHU.Mobile\SOHU.Mobile.csproj", "{3DEF2FE3-632E-41BA-AEC8-0BE70DDF7A11}"
EndProject
Project("{FAE04EC0-301F-11D3-BF4B-00C04F79EFBC}") = "SOHU.Mobile.Android", "SOHU.Mobile\SOHU.Mobile.Android\SOHU.Mobile.Android.csproj", "{5D0EC1A6-ECCB-4315-9A72-5E4648F968B1}"
EndProject
Project("{FAE04EC0-301F-11D3-BF4B-00C04F79EFBC}") = "SOHU.Mobile.iOS", "SOHU.Mobile\SOHU.Mobile.iOS\SOHU.Mobile.iOS.csproj", "{03E8EF88-39C5-48D7-84A1-788411ED7A4B}"
EndProject
Project("{9A19103F-16F7-4668-BE54-9A1E7A4F7556}") = "SOHU.API", "SOHU.API\SOHU.API.csproj", "{A13F8AC0-F100-4586-9E8D-336F82B9EC34}"
EndProject
Project("{9A19103F-16F7-4668-BE54-9A1E7A4F7556}") = "NghiaHa.MVC", "NghiaHa.MVC\NghiaHa.MVC.csproj", "{4BE6DB6E-EE63-47AA-9D80-7AF7BC4B0AF1}"
EndProject
Project("{FAE04EC0-301F-11D3-BF4B-00C04F79EFBC}") = "NghiaHa.CRM", "NghiaHa.CRM\NghiaHa.CRM.csproj", "{9D75DFEB-4ECD-4819-802E-3EC32C2E8F27}"
EndProject
Global
	GlobalSection(SolutionConfigurationPlatforms) = preSolution
		Ad-Hoc|Any CPU = Ad-Hoc|Any CPU
		Ad-Hoc|iPhone = Ad-Hoc|iPhone
		Ad-Hoc|iPhoneSimulator = Ad-Hoc|iPhoneSimulator
		AppStore|Any CPU = AppStore|Any CPU
		AppStore|iPhone = AppStore|iPhone
		AppStore|iPhoneSimulator = AppStore|iPhoneSimulator
		Debug|Any CPU = Debug|Any CPU
		Debug|iPhone = Debug|iPhone
		Debug|iPhoneSimulator = Debug|iPhoneSimulator
		Release|Any CPU = Release|Any CPU
		Release|iPhone = Release|iPhone
		Release|iPhoneSimulator = Release|iPhoneSimulator
	EndGlobalSection
	GlobalSection(ProjectConfigurationPlatforms) = postSolution
		{45AFC0E2-EFEA-450C-9468-B0D7A4EC674B}.Ad-Hoc|Any CPU.ActiveCfg = Release|Any CPU
		{45AFC0E2-EFEA-450C-9468-B0D7A4EC674B}.Ad-Hoc|Any CPU.Build.0 = Release|Any CPU
		{45AFC0E2-EFEA-450C-9468-B0D7A4EC674B}.Ad-Hoc|iPhone.ActiveCfg = Release|Any CPU
		{45AFC0E2-EFEA-450C-9468-B0D7A4EC674B}.Ad-Hoc|iPhone.Build.0 = Release|Any CPU
		{45AFC0E2-EFEA-450C-9468-B0D7A4EC674B}.Ad-Hoc|iPhoneSimulator.ActiveCfg = Release|Any CPU
		{45AFC0E2-EFEA-450C-9468-B0D7A4EC674B}.Ad-Hoc|iPhoneSimulator.Build.0 = Release|Any CPU
		{45AFC0E2-EFEA-450C-9468-B0D7A4EC674B}.AppStore|Any CPU.ActiveCfg = Release|Any CPU
		{45AFC0E2-EFEA-450C-9468-B0D7A4EC674B}.AppStore|Any CPU.Build.0 = Release|Any CPU
		{45AFC0E2-EFEA-450C-9468-B0D7A4EC674B}.AppStore|iPhone.ActiveCfg = Release|Any CPU
		{45AFC0E2-EFEA-450C-9468-B0D7A4EC674B}.AppStore|iPhone.Build.0 = Release|Any CPU
		{45AFC0E2-EFEA-450C-9468-B0D7A4EC674B}.AppStore|iPhoneSimulator.ActiveCfg = Release|Any CPU
		{45AFC0E2-EFEA-450C-9468-B0D7A4EC674B}.AppStore|iPhoneSimulator.Build.0 = Release|Any CPU
		{45AFC0E2-EFEA-450C-9468-B0D7A4EC674B}.Debug|Any CPU.ActiveCfg = Debug|Any CPU
		{45AFC0E2-EFEA-450C-9468-B0D7A4EC674B}.Debug|Any CPU.Build.0 = Debug|Any CPU
		{45AFC0E2-EFEA-450C-9468-B0D7A4EC674B}.Debug|iPhone.ActiveCfg = Debug|Any CPU
		{45AFC0E2-EFEA-450C-9468-B0D7A4EC674B}.Debug|iPhone.Build.0 = Debug|Any CPU
		{45AFC0E2-EFEA-450C-9468-B0D7A4EC674B}.Debug|iPhoneSimulator.ActiveCfg = Debug|Any CPU
		{45AFC0E2-EFEA-450C-9468-B0D7A4EC674B}.Debug|iPhoneSimulator.Build.0 = Debug|Any CPU
		{45AFC0E2-EFEA-450C-9468-B0D7A4EC674B}.Release|Any CPU.ActiveCfg = Release|Any CPU
		{45AFC0E2-EFEA-450C-9468-B0D7A4EC674B}.Release|Any CPU.Build.0 = Release|Any CPU
		{45AFC0E2-EFEA-450C-9468-B0D7A4EC674B}.Release|iPhone.ActiveCfg = Release|Any CPU
		{45AFC0E2-EFEA-450C-9468-B0D7A4EC674B}.Release|iPhone.Build.0 = Release|Any CPU
		{45AFC0E2-EFEA-450C-9468-B0D7A4EC674B}.Release|iPhoneSimulator.ActiveCfg = Release|Any CPU
		{45AFC0E2-EFEA-450C-9468-B0D7A4EC674B}.Release|iPhoneSimulator.Build.0 = Release|Any CPU
		{99D48E92-E25A-40C0-9207-DFF79A806770}.Ad-Hoc|Any CPU.ActiveCfg = Release|Any CPU
		{99D48E92-E25A-40C0-9207-DFF79A806770}.Ad-Hoc|Any CPU.Build.0 = Release|Any CPU
		{99D48E92-E25A-40C0-9207-DFF79A806770}.Ad-Hoc|iPhone.ActiveCfg = Release|Any CPU
		{99D48E92-E25A-40C0-9207-DFF79A806770}.Ad-Hoc|iPhone.Build.0 = Release|Any CPU
		{99D48E92-E25A-40C0-9207-DFF79A806770}.Ad-Hoc|iPhoneSimulator.ActiveCfg = Release|Any CPU
		{99D48E92-E25A-40C0-9207-DFF79A806770}.Ad-Hoc|iPhoneSimulator.Build.0 = Release|Any CPU
		{99D48E92-E25A-40C0-9207-DFF79A806770}.AppStore|Any CPU.ActiveCfg = Release|Any CPU
		{99D48E92-E25A-40C0-9207-DFF79A806770}.AppStore|Any CPU.Build.0 = Release|Any CPU
		{99D48E92-E25A-40C0-9207-DFF79A806770}.AppStore|iPhone.ActiveCfg = Release|Any CPU
		{99D48E92-E25A-40C0-9207-DFF79A806770}.AppStore|iPhone.Build.0 = Release|Any CPU
		{99D48E92-E25A-40C0-9207-DFF79A806770}.AppStore|iPhoneSimulator.ActiveCfg = Release|Any CPU
		{99D48E92-E25A-40C0-9207-DFF79A806770}.AppStore|iPhoneSimulator.Build.0 = Release|Any CPU
		{99D48E92-E25A-40C0-9207-DFF79A806770}.Debug|Any CPU.ActiveCfg = Debug|Any CPU
		{99D48E92-E25A-40C0-9207-DFF79A806770}.Debug|Any CPU.Build.0 = Debug|Any CPU
		{99D48E92-E25A-40C0-9207-DFF79A806770}.Debug|iPhone.ActiveCfg = Debug|Any CPU
		{99D48E92-E25A-40C0-9207-DFF79A806770}.Debug|iPhone.Build.0 = Debug|Any CPU
		{99D48E92-E25A-40C0-9207-DFF79A806770}.Debug|iPhoneSimulator.ActiveCfg = Debug|Any CPU
		{99D48E92-E25A-40C0-9207-DFF79A806770}.Debug|iPhoneSimulator.Build.0 = Debug|Any CPU
		{99D48E92-E25A-40C0-9207-DFF79A806770}.Release|Any CPU.ActiveCfg = Release|Any CPU
		{99D48E92-E25A-40C0-9207-DFF79A806770}.Release|Any CPU.Build.0 = Release|Any CPU
		{99D48E92-E25A-40C0-9207-DFF79A806770}.Release|iPhone.ActiveCfg = Release|Any CPU
		{99D48E92-E25A-40C0-9207-DFF79A806770}.Release|iPhone.Build.0 = Release|Any CPU
		{99D48E92-E25A-40C0-9207-DFF79A806770}.Release|iPhoneSimulator.ActiveCfg = Release|Any CPU
		{99D48E92-E25A-40C0-9207-DFF79A806770}.Release|iPhoneSimulator.Build.0 = Release|Any CPU
		{06FEEE96-D08A-44B2-AAAF-B39D7D25482C}.Ad-Hoc|Any CPU.ActiveCfg = Release|Any CPU
		{06FEEE96-D08A-44B2-AAAF-B39D7D25482C}.Ad-Hoc|Any CPU.Build.0 = Release|Any CPU
		{06FEEE96-D08A-44B2-AAAF-B39D7D25482C}.Ad-Hoc|iPhone.ActiveCfg = Release|Any CPU
		{06FEEE96-D08A-44B2-AAAF-B39D7D25482C}.Ad-Hoc|iPhone.Build.0 = Release|Any CPU
		{06FEEE96-D08A-44B2-AAAF-B39D7D25482C}.Ad-Hoc|iPhoneSimulator.ActiveCfg = Release|Any CPU
		{06FEEE96-D08A-44B2-AAAF-B39D7D25482C}.Ad-Hoc|iPhoneSimulator.Build.0 = Release|Any CPU
		{06FEEE96-D08A-44B2-AAAF-B39D7D25482C}.AppStore|Any CPU.ActiveCfg = Release|Any CPU
		{06FEEE96-D08A-44B2-AAAF-B39D7D25482C}.AppStore|Any CPU.Build.0 = Release|Any CPU
		{06FEEE96-D08A-44B2-AAAF-B39D7D25482C}.AppStore|iPhone.ActiveCfg = Release|Any CPU
		{06FEEE96-D08A-44B2-AAAF-B39D7D25482C}.AppStore|iPhone.Build.0 = Release|Any CPU
		{06FEEE96-D08A-44B2-AAAF-B39D7D25482C}.AppStore|iPhoneSimulator.ActiveCfg = Release|Any CPU
		{06FEEE96-D08A-44B2-AAAF-B39D7D25482C}.AppStore|iPhoneSimulator.Build.0 = Release|Any CPU
		{06FEEE96-D08A-44B2-AAAF-B39D7D25482C}.Debug|Any CPU.ActiveCfg = Debug|Any CPU
		{06FEEE96-D08A-44B2-AAAF-B39D7D25482C}.Debug|Any CPU.Build.0 = Debug|Any CPU
		{06FEEE96-D08A-44B2-AAAF-B39D7D25482C}.Debug|iPhone.ActiveCfg = Debug|Any CPU
		{06FEEE96-D08A-44B2-AAAF-B39D7D25482C}.Debug|iPhone.Build.0 = Debug|Any CPU
		{06FEEE96-D08A-44B2-AAAF-B39D7D25482C}.Debug|iPhoneSimulator.ActiveCfg = Debug|Any CPU
		{06FEEE96-D08A-44B2-AAAF-B39D7D25482C}.Debug|iPhoneSimulator.Build.0 = Debug|Any CPU
		{06FEEE96-D08A-44B2-AAAF-B39D7D25482C}.Release|Any CPU.ActiveCfg = Release|Any CPU
		{06FEEE96-D08A-44B2-AAAF-B39D7D25482C}.Release|Any CPU.Build.0 = Release|Any CPU
		{06FEEE96-D08A-44B2-AAAF-B39D7D25482C}.Release|iPhone.ActiveCfg = Release|Any CPU
		{06FEEE96-D08A-44B2-AAAF-B39D7D25482C}.Release|iPhone.Build.0 = Release|Any CPU
		{06FEEE96-D08A-44B2-AAAF-B39D7D25482C}.Release|iPhoneSimulator.ActiveCfg = Release|Any CPU
		{06FEEE96-D08A-44B2-AAAF-B39D7D25482C}.Release|iPhoneSimulator.Build.0 = Release|Any CPU
		{3DEF2FE3-632E-41BA-AEC8-0BE70DDF7A11}.Ad-Hoc|Any CPU.ActiveCfg = Debug|Any CPU
		{3DEF2FE3-632E-41BA-AEC8-0BE70DDF7A11}.Ad-Hoc|Any CPU.Build.0 = Debug|Any CPU
		{3DEF2FE3-632E-41BA-AEC8-0BE70DDF7A11}.Ad-Hoc|iPhone.ActiveCfg = Debug|Any CPU
		{3DEF2FE3-632E-41BA-AEC8-0BE70DDF7A11}.Ad-Hoc|iPhone.Build.0 = Debug|Any CPU
		{3DEF2FE3-632E-41BA-AEC8-0BE70DDF7A11}.Ad-Hoc|iPhoneSimulator.ActiveCfg = Debug|Any CPU
		{3DEF2FE3-632E-41BA-AEC8-0BE70DDF7A11}.Ad-Hoc|iPhoneSimulator.Build.0 = Debug|Any CPU
		{3DEF2FE3-632E-41BA-AEC8-0BE70DDF7A11}.AppStore|Any CPU.ActiveCfg = Debug|Any CPU
		{3DEF2FE3-632E-41BA-AEC8-0BE70DDF7A11}.AppStore|Any CPU.Build.0 = Debug|Any CPU
		{3DEF2FE3-632E-41BA-AEC8-0BE70DDF7A11}.AppStore|iPhone.ActiveCfg = Debug|Any CPU
		{3DEF2FE3-632E-41BA-AEC8-0BE70DDF7A11}.AppStore|iPhone.Build.0 = Debug|Any CPU
		{3DEF2FE3-632E-41BA-AEC8-0BE70DDF7A11}.AppStore|iPhoneSimulator.ActiveCfg = Debug|Any CPU
		{3DEF2FE3-632E-41BA-AEC8-0BE70DDF7A11}.AppStore|iPhoneSimulator.Build.0 = Debug|Any CPU
		{3DEF2FE3-632E-41BA-AEC8-0BE70DDF7A11}.Debug|Any CPU.ActiveCfg = Debug|Any CPU
		{3DEF2FE3-632E-41BA-AEC8-0BE70DDF7A11}.Debug|Any CPU.Build.0 = Debug|Any CPU
		{3DEF2FE3-632E-41BA-AEC8-0BE70DDF7A11}.Debug|iPhone.ActiveCfg = Debug|Any CPU
		{3DEF2FE3-632E-41BA-AEC8-0BE70DDF7A11}.Debug|iPhone.Build.0 = Debug|Any CPU
		{3DEF2FE3-632E-41BA-AEC8-0BE70DDF7A11}.Debug|iPhoneSimulator.ActiveCfg = Debug|Any CPU
		{3DEF2FE3-632E-41BA-AEC8-0BE70DDF7A11}.Debug|iPhoneSimulator.Build.0 = Debug|Any CPU
		{3DEF2FE3-632E-41BA-AEC8-0BE70DDF7A11}.Release|Any CPU.ActiveCfg = Release|Any CPU
		{3DEF2FE3-632E-41BA-AEC8-0BE70DDF7A11}.Release|Any CPU.Build.0 = Release|Any CPU
		{3DEF2FE3-632E-41BA-AEC8-0BE70DDF7A11}.Release|iPhone.ActiveCfg = Release|Any CPU
		{3DEF2FE3-632E-41BA-AEC8-0BE70DDF7A11}.Release|iPhone.Build.0 = Release|Any CPU
		{3DEF2FE3-632E-41BA-AEC8-0BE70DDF7A11}.Release|iPhoneSimulator.ActiveCfg = Release|Any CPU
		{3DEF2FE3-632E-41BA-AEC8-0BE70DDF7A11}.Release|iPhoneSimulator.Build.0 = Release|Any CPU
		{5D0EC1A6-ECCB-4315-9A72-5E4648F968B1}.Ad-Hoc|Any CPU.ActiveCfg = Release|Any CPU
		{5D0EC1A6-ECCB-4315-9A72-5E4648F968B1}.Ad-Hoc|Any CPU.Build.0 = Release|Any CPU
		{5D0EC1A6-ECCB-4315-9A72-5E4648F968B1}.Ad-Hoc|Any CPU.Deploy.0 = Release|Any CPU
		{5D0EC1A6-ECCB-4315-9A72-5E4648F968B1}.Ad-Hoc|iPhone.ActiveCfg = Release|Any CPU
		{5D0EC1A6-ECCB-4315-9A72-5E4648F968B1}.Ad-Hoc|iPhone.Build.0 = Release|Any CPU
		{5D0EC1A6-ECCB-4315-9A72-5E4648F968B1}.Ad-Hoc|iPhone.Deploy.0 = Release|Any CPU
		{5D0EC1A6-ECCB-4315-9A72-5E4648F968B1}.Ad-Hoc|iPhoneSimulator.ActiveCfg = Release|Any CPU
		{5D0EC1A6-ECCB-4315-9A72-5E4648F968B1}.Ad-Hoc|iPhoneSimulator.Build.0 = Release|Any CPU
		{5D0EC1A6-ECCB-4315-9A72-5E4648F968B1}.Ad-Hoc|iPhoneSimulator.Deploy.0 = Release|Any CPU
		{5D0EC1A6-ECCB-4315-9A72-5E4648F968B1}.AppStore|Any CPU.ActiveCfg = Release|Any CPU
		{5D0EC1A6-ECCB-4315-9A72-5E4648F968B1}.AppStore|Any CPU.Build.0 = Release|Any CPU
		{5D0EC1A6-ECCB-4315-9A72-5E4648F968B1}.AppStore|Any CPU.Deploy.0 = Release|Any CPU
		{5D0EC1A6-ECCB-4315-9A72-5E4648F968B1}.AppStore|iPhone.ActiveCfg = Release|Any CPU
		{5D0EC1A6-ECCB-4315-9A72-5E4648F968B1}.AppStore|iPhone.Build.0 = Release|Any CPU
		{5D0EC1A6-ECCB-4315-9A72-5E4648F968B1}.AppStore|iPhone.Deploy.0 = Release|Any CPU
		{5D0EC1A6-ECCB-4315-9A72-5E4648F968B1}.AppStore|iPhoneSimulator.ActiveCfg = Release|Any CPU
		{5D0EC1A6-ECCB-4315-9A72-5E4648F968B1}.AppStore|iPhoneSimulator.Build.0 = Release|Any CPU
		{5D0EC1A6-ECCB-4315-9A72-5E4648F968B1}.AppStore|iPhoneSimulator.Deploy.0 = Release|Any CPU
		{5D0EC1A6-ECCB-4315-9A72-5E4648F968B1}.Debug|Any CPU.ActiveCfg = Debug|Any CPU
		{5D0EC1A6-ECCB-4315-9A72-5E4648F968B1}.Debug|Any CPU.Build.0 = Debug|Any CPU
		{5D0EC1A6-ECCB-4315-9A72-5E4648F968B1}.Debug|Any CPU.Deploy.0 = Debug|Any CPU
		{5D0EC1A6-ECCB-4315-9A72-5E4648F968B1}.Debug|iPhone.ActiveCfg = Debug|Any CPU
		{5D0EC1A6-ECCB-4315-9A72-5E4648F968B1}.Debug|iPhone.Build.0 = Debug|Any CPU
		{5D0EC1A6-ECCB-4315-9A72-5E4648F968B1}.Debug|iPhone.Deploy.0 = Debug|Any CPU
		{5D0EC1A6-ECCB-4315-9A72-5E4648F968B1}.Debug|iPhoneSimulator.ActiveCfg = Debug|Any CPU
		{5D0EC1A6-ECCB-4315-9A72-5E4648F968B1}.Debug|iPhoneSimulator.Build.0 = Debug|Any CPU
		{5D0EC1A6-ECCB-4315-9A72-5E4648F968B1}.Debug|iPhoneSimulator.Deploy.0 = Debug|Any CPU
		{5D0EC1A6-ECCB-4315-9A72-5E4648F968B1}.Release|Any CPU.ActiveCfg = Release|Any CPU
		{5D0EC1A6-ECCB-4315-9A72-5E4648F968B1}.Release|Any CPU.Build.0 = Release|Any CPU
		{5D0EC1A6-ECCB-4315-9A72-5E4648F968B1}.Release|Any CPU.Deploy.0 = Release|Any CPU
		{5D0EC1A6-ECCB-4315-9A72-5E4648F968B1}.Release|iPhone.ActiveCfg = Release|Any CPU
		{5D0EC1A6-ECCB-4315-9A72-5E4648F968B1}.Release|iPhone.Build.0 = Release|Any CPU
		{5D0EC1A6-ECCB-4315-9A72-5E4648F968B1}.Release|iPhone.Deploy.0 = Release|Any CPU
		{5D0EC1A6-ECCB-4315-9A72-5E4648F968B1}.Release|iPhoneSimulator.ActiveCfg = Release|Any CPU
		{5D0EC1A6-ECCB-4315-9A72-5E4648F968B1}.Release|iPhoneSimulator.Build.0 = Release|Any CPU
		{5D0EC1A6-ECCB-4315-9A72-5E4648F968B1}.Release|iPhoneSimulator.Deploy.0 = Release|Any CPU
		{03E8EF88-39C5-48D7-84A1-788411ED7A4B}.Ad-Hoc|Any CPU.ActiveCfg = Ad-Hoc|iPhone
		{03E8EF88-39C5-48D7-84A1-788411ED7A4B}.Ad-Hoc|iPhone.ActiveCfg = Ad-Hoc|iPhone
		{03E8EF88-39C5-48D7-84A1-788411ED7A4B}.Ad-Hoc|iPhone.Build.0 = Ad-Hoc|iPhone
		{03E8EF88-39C5-48D7-84A1-788411ED7A4B}.Ad-Hoc|iPhoneSimulator.ActiveCfg = Ad-Hoc|iPhoneSimulator
		{03E8EF88-39C5-48D7-84A1-788411ED7A4B}.Ad-Hoc|iPhoneSimulator.Build.0 = Ad-Hoc|iPhoneSimulator
		{03E8EF88-39C5-48D7-84A1-788411ED7A4B}.AppStore|Any CPU.ActiveCfg = AppStore|iPhone
		{03E8EF88-39C5-48D7-84A1-788411ED7A4B}.AppStore|iPhone.ActiveCfg = AppStore|iPhone
		{03E8EF88-39C5-48D7-84A1-788411ED7A4B}.AppStore|iPhone.Build.0 = AppStore|iPhone
		{03E8EF88-39C5-48D7-84A1-788411ED7A4B}.AppStore|iPhoneSimulator.ActiveCfg = AppStore|iPhoneSimulator
		{03E8EF88-39C5-48D7-84A1-788411ED7A4B}.AppStore|iPhoneSimulator.Build.0 = AppStore|iPhoneSimulator
		{03E8EF88-39C5-48D7-84A1-788411ED7A4B}.Debug|Any CPU.ActiveCfg = Debug|iPhone
		{03E8EF88-39C5-48D7-84A1-788411ED7A4B}.Debug|iPhone.ActiveCfg = Debug|iPhone
		{03E8EF88-39C5-48D7-84A1-788411ED7A4B}.Debug|iPhone.Build.0 = Debug|iPhone
		{03E8EF88-39C5-48D7-84A1-788411ED7A4B}.Debug|iPhoneSimulator.ActiveCfg = Debug|iPhoneSimulator
		{03E8EF88-39C5-48D7-84A1-788411ED7A4B}.Debug|iPhoneSimulator.Build.0 = Debug|iPhoneSimulator
		{03E8EF88-39C5-48D7-84A1-788411ED7A4B}.Release|Any CPU.ActiveCfg = Release|iPhone
		{03E8EF88-39C5-48D7-84A1-788411ED7A4B}.Release|iPhone.ActiveCfg = Release|iPhone
		{03E8EF88-39C5-48D7-84A1-788411ED7A4B}.Release|iPhone.Build.0 = Release|iPhone
		{03E8EF88-39C5-48D7-84A1-788411ED7A4B}.Release|iPhoneSimulator.ActiveCfg = Release|iPhoneSimulator
		{03E8EF88-39C5-48D7-84A1-788411ED7A4B}.Release|iPhoneSimulator.Build.0 = Release|iPhoneSimulator
		{A13F8AC0-F100-4586-9E8D-336F82B9EC34}.Ad-Hoc|Any CPU.ActiveCfg = Debug|Any CPU
		{A13F8AC0-F100-4586-9E8D-336F82B9EC34}.Ad-Hoc|Any CPU.Build.0 = Debug|Any CPU
		{A13F8AC0-F100-4586-9E8D-336F82B9EC34}.Ad-Hoc|iPhone.ActiveCfg = Debug|Any CPU
		{A13F8AC0-F100-4586-9E8D-336F82B9EC34}.Ad-Hoc|iPhone.Build.0 = Debug|Any CPU
		{A13F8AC0-F100-4586-9E8D-336F82B9EC34}.Ad-Hoc|iPhoneSimulator.ActiveCfg = Debug|Any CPU
		{A13F8AC0-F100-4586-9E8D-336F82B9EC34}.Ad-Hoc|iPhoneSimulator.Build.0 = Debug|Any CPU
		{A13F8AC0-F100-4586-9E8D-336F82B9EC34}.AppStore|Any CPU.ActiveCfg = Debug|Any CPU
		{A13F8AC0-F100-4586-9E8D-336F82B9EC34}.AppStore|Any CPU.Build.0 = Debug|Any CPU
		{A13F8AC0-F100-4586-9E8D-336F82B9EC34}.AppStore|iPhone.ActiveCfg = Debug|Any CPU
		{A13F8AC0-F100-4586-9E8D-336F82B9EC34}.AppStore|iPhone.Build.0 = Debug|Any CPU
		{A13F8AC0-F100-4586-9E8D-336F82B9EC34}.AppStore|iPhoneSimulator.ActiveCfg = Debug|Any CPU
		{A13F8AC0-F100-4586-9E8D-336F82B9EC34}.AppStore|iPhoneSimulator.Build.0 = Debug|Any CPU
		{A13F8AC0-F100-4586-9E8D-336F82B9EC34}.Debug|Any CPU.ActiveCfg = Debug|Any CPU
		{A13F8AC0-F100-4586-9E8D-336F82B9EC34}.Debug|Any CPU.Build.0 = Debug|Any CPU
		{A13F8AC0-F100-4586-9E8D-336F82B9EC34}.Debug|iPhone.ActiveCfg = Debug|Any CPU
		{A13F8AC0-F100-4586-9E8D-336F82B9EC34}.Debug|iPhone.Build.0 = Debug|Any CPU
		{A13F8AC0-F100-4586-9E8D-336F82B9EC34}.Debug|iPhoneSimulator.ActiveCfg = Debug|Any CPU
		{A13F8AC0-F100-4586-9E8D-336F82B9EC34}.Debug|iPhoneSimulator.Build.0 = Debug|Any CPU
		{A13F8AC0-F100-4586-9E8D-336F82B9EC34}.Release|Any CPU.ActiveCfg = Release|Any CPU
		{A13F8AC0-F100-4586-9E8D-336F82B9EC34}.Release|Any CPU.Build.0 = Release|Any CPU
		{A13F8AC0-F100-4586-9E8D-336F82B9EC34}.Release|iPhone.ActiveCfg = Release|Any CPU
		{A13F8AC0-F100-4586-9E8D-336F82B9EC34}.Release|iPhone.Build.0 = Release|Any CPU
		{A13F8AC0-F100-4586-9E8D-336F82B9EC34}.Release|iPhoneSimulator.ActiveCfg = Release|Any CPU
		{A13F8AC0-F100-4586-9E8D-336F82B9EC34}.Release|iPhoneSimulator.Build.0 = Release|Any CPU
		{4BE6DB6E-EE63-47AA-9D80-7AF7BC4B0AF1}.Ad-Hoc|Any CPU.ActiveCfg = Debug|Any CPU
		{4BE6DB6E-EE63-47AA-9D80-7AF7BC4B0AF1}.Ad-Hoc|Any CPU.Build.0 = Debug|Any CPU
		{4BE6DB6E-EE63-47AA-9D80-7AF7BC4B0AF1}.Ad-Hoc|iPhone.ActiveCfg = Debug|Any CPU
		{4BE6DB6E-EE63-47AA-9D80-7AF7BC4B0AF1}.Ad-Hoc|iPhone.Build.0 = Debug|Any CPU
		{4BE6DB6E-EE63-47AA-9D80-7AF7BC4B0AF1}.Ad-Hoc|iPhoneSimulator.ActiveCfg = Debug|Any CPU
		{4BE6DB6E-EE63-47AA-9D80-7AF7BC4B0AF1}.Ad-Hoc|iPhoneSimulator.Build.0 = Debug|Any CPU
		{4BE6DB6E-EE63-47AA-9D80-7AF7BC4B0AF1}.AppStore|Any CPU.ActiveCfg = Debug|Any CPU
		{4BE6DB6E-EE63-47AA-9D80-7AF7BC4B0AF1}.AppStore|Any CPU.Build.0 = Debug|Any CPU
		{4BE6DB6E-EE63-47AA-9D80-7AF7BC4B0AF1}.AppStore|iPhone.ActiveCfg = Debug|Any CPU
		{4BE6DB6E-EE63-47AA-9D80-7AF7BC4B0AF1}.AppStore|iPhone.Build.0 = Debug|Any CPU
		{4BE6DB6E-EE63-47AA-9D80-7AF7BC4B0AF1}.AppStore|iPhoneSimulator.ActiveCfg = Debug|Any CPU
		{4BE6DB6E-EE63-47AA-9D80-7AF7BC4B0AF1}.AppStore|iPhoneSimulator.Build.0 = Debug|Any CPU
		{4BE6DB6E-EE63-47AA-9D80-7AF7BC4B0AF1}.Debug|Any CPU.ActiveCfg = Debug|Any CPU
		{4BE6DB6E-EE63-47AA-9D80-7AF7BC4B0AF1}.Debug|Any CPU.Build.0 = Debug|Any CPU
		{4BE6DB6E-EE63-47AA-9D80-7AF7BC4B0AF1}.Debug|iPhone.ActiveCfg = Debug|Any CPU
		{4BE6DB6E-EE63-47AA-9D80-7AF7BC4B0AF1}.Debug|iPhone.Build.0 = Debug|Any CPU
		{4BE6DB6E-EE63-47AA-9D80-7AF7BC4B0AF1}.Debug|iPhoneSimulator.ActiveCfg = Debug|Any CPU
		{4BE6DB6E-EE63-47AA-9D80-7AF7BC4B0AF1}.Debug|iPhoneSimulator.Build.0 = Debug|Any CPU
		{4BE6DB6E-EE63-47AA-9D80-7AF7BC4B0AF1}.Release|Any CPU.ActiveCfg = Release|Any CPU
		{4BE6DB6E-EE63-47AA-9D80-7AF7BC4B0AF1}.Release|Any CPU.Build.0 = Release|Any CPU
		{4BE6DB6E-EE63-47AA-9D80-7AF7BC4B0AF1}.Release|iPhone.ActiveCfg = Release|Any CPU
		{4BE6DB6E-EE63-47AA-9D80-7AF7BC4B0AF1}.Release|iPhone.Build.0 = Release|Any CPU
		{4BE6DB6E-EE63-47AA-9D80-7AF7BC4B0AF1}.Release|iPhoneSimulator.ActiveCfg = Release|Any CPU
		{4BE6DB6E-EE63-47AA-9D80-7AF7BC4B0AF1}.Release|iPhoneSimulator.Build.0 = Release|Any CPU
		{9D75DFEB-4ECD-4819-802E-3EC32C2E8F27}.Ad-Hoc|Any CPU.ActiveCfg = Debug|Any CPU
		{9D75DFEB-4ECD-4819-802E-3EC32C2E8F27}.Ad-Hoc|Any CPU.Build.0 = Debug|Any CPU
		{9D75DFEB-4ECD-4819-802E-3EC32C2E8F27}.Ad-Hoc|iPhone.ActiveCfg = Debug|Any CPU
		{9D75DFEB-4ECD-4819-802E-3EC32C2E8F27}.Ad-Hoc|iPhone.Build.0 = Debug|Any CPU
		{9D75DFEB-4ECD-4819-802E-3EC32C2E8F27}.Ad-Hoc|iPhoneSimulator.ActiveCfg = Debug|Any CPU
		{9D75DFEB-4ECD-4819-802E-3EC32C2E8F27}.Ad-Hoc|iPhoneSimulator.Build.0 = Debug|Any CPU
		{9D75DFEB-4ECD-4819-802E-3EC32C2E8F27}.AppStore|Any CPU.ActiveCfg = Debug|Any CPU
		{9D75DFEB-4ECD-4819-802E-3EC32C2E8F27}.AppStore|Any CPU.Build.0 = Debug|Any CPU
		{9D75DFEB-4ECD-4819-802E-3EC32C2E8F27}.AppStore|iPhone.ActiveCfg = Debug|Any CPU
		{9D75DFEB-4ECD-4819-802E-3EC32C2E8F27}.AppStore|iPhone.Build.0 = Debug|Any CPU
		{9D75DFEB-4ECD-4819-802E-3EC32C2E8F27}.AppStore|iPhoneSimulator.ActiveCfg = Debug|Any CPU
		{9D75DFEB-4ECD-4819-802E-3EC32C2E8F27}.AppStore|iPhoneSimulator.Build.0 = Debug|Any CPU
		{9D75DFEB-4ECD-4819-802E-3EC32C2E8F27}.Debug|Any CPU.ActiveCfg = Debug|Any CPU
		{9D75DFEB-4ECD-4819-802E-3EC32C2E8F27}.Debug|Any CPU.Build.0 = Debug|Any CPU
		{9D75DFEB-4ECD-4819-802E-3EC32C2E8F27}.Debug|iPhone.ActiveCfg = Debug|Any CPU
		{9D75DFEB-4ECD-4819-802E-3EC32C2E8F27}.Debug|iPhone.Build.0 = Debug|Any CPU
		{9D75DFEB-4ECD-4819-802E-3EC32C2E8F27}.Debug|iPhoneSimulator.ActiveCfg = Debug|Any CPU
		{9D75DFEB-4ECD-4819-802E-3EC32C2E8F27}.Debug|iPhoneSimulator.Build.0 = Debug|Any CPU
		{9D75DFEB-4ECD-4819-802E-3EC32C2E8F27}.Release|Any CPU.ActiveCfg = Release|Any CPU
		{9D75DFEB-4ECD-4819-802E-3EC32C2E8F27}.Release|Any CPU.Build.0 = Release|Any CPU
		{9D75DFEB-4ECD-4819-802E-3EC32C2E8F27}.Release|iPhone.ActiveCfg = Release|Any CPU
		{9D75DFEB-4ECD-4819-802E-3EC32C2E8F27}.Release|iPhone.Build.0 = Release|Any CPU
		{9D75DFEB-4ECD-4819-802E-3EC32C2E8F27}.Release|iPhoneSimulator.ActiveCfg = Release|Any CPU
		{9D75DFEB-4ECD-4819-802E-3EC32C2E8F27}.Release|iPhoneSimulator.Build.0 = Release|Any CPU
	EndGlobalSection
	GlobalSection(SolutionProperties) = preSolution
		HideSolutionNode = FALSE
	EndGlobalSection
	GlobalSection(ExtensibilityGlobals) = postSolution
		SolutionGuid = {E42127B9-FF45-4BC5-A971-6F987A34CD28}
	EndGlobalSection
EndGlobal
